PODS:
  - ReachabilitySwift (2.3.3)
  - SwiftyJSON (2.3.2)

DEPENDENCIES:
  - ReachabilitySwift (~> 2.3)
  - SwiftyJSON (~> 2.3)

SPEC CHECKSUMS:
  ReachabilitySwift: e0f6b6f280effb47731acfaaa2d5ffe223703793
  SwiftyJSON: 04ccea08915aa0109039157c7974cf0298da292a

PODFILE CHECKSUM: 599c31794938ea54d10e65ecdaca25617437840a

COCOAPODS: 1.0.1
