// !$*UTF8*$!
{
	archiveVersion = 1;
	classes = {
	};
	objectVersion = 46;
	objects = {

/* Begin PBXBuildFile section */
		36D9EA2702EB745E4BFF69DB /* Pods_iOSDemo.framework in Frameworks */ = {isa = PBXBuildFile; fileRef = 72A4E007E56321F2E1F2E4A3 /* Pods_iOSDemo.framework */; };
		5A416049890993E9CE482F89 /* WsDispatcher.swift in Sources */ = {isa = PBXBuildFile; fileRef = 5A4164D34BB6C280BB67BF19 /* WsDispatcher.swift */; };
		5A41622DEB96AF0AE1A6FD2C /* SchemaAction.swift in Sources */ = {isa = PBXBuildFile; fileRef = 5A4162379A06268DA226F227 /* SchemaAction.swift */; };
		5A4163CD086B346FD1412949 /* ViewController.swift in Sources */ = {isa = PBXBuildFile; fileRef = 5A41679655338D20727D8558 /* ViewController.swift */; };
		5A416474C9931F60789F407A /* BaseViewController.swift in Sources */ = {isa = PBXBuildFile; fileRef = 5A416185F38FD7A4DA9512C9 /* BaseViewController.swift */; };
		5A4165016B497DE47EDD6938 /* EventBus.swift in Sources */ = {isa = PBXBuildFile; fileRef = 5A416BE4820120168D3AEE61 /* EventBus.swift */; };
		5A4167026B448C42AFDDD7D2 /* Address.swift in Sources */ = {isa = PBXBuildFile; fileRef = 5A41634208C37D2D6485BDD3 /* Address.swift */; };
		5A4167413CBD6644DB333BD2 /* FacilityEntity.swift in Sources */ = {isa = PBXBuildFile; fileRef = 5A4167AF27380BFC12177CE5 /* FacilityEntity.swift */; };
		5A41684F688EC14357BE87D6 /* DatabaseManager.swift in Sources */ = {isa = PBXBuildFile; fileRef = 5A416B8CC9F242D0A6933405 /* DatabaseManager.swift */; };
		5A416884B76E0D2B26A18978 /* ActionType.swift in Sources */ = {isa = PBXBuildFile; fileRef = 5A416D507CE03944FF76D440 /* ActionType.swift */; };
		5A4169BC259D7DF1A4011DEC /* ListFacilitiesAction.swift in Sources */ = {isa = PBXBuildFile; fileRef = 5A4169F52D9C247E2CFB5CB5 /* ListFacilitiesAction.swift */; };
		5A416BB481D28885AD84F31C /* ActionProtocol.swift in Sources */ = {isa = PBXBuildFile; fileRef = 5A4166EF14DD6DB22AD33A7F /* ActionProtocol.swift */; };
		5A416BBBBE7DCB24DCCBCEE0 /* AssociatedObjectFunc.swift in Sources */ = {isa = PBXBuildFile; fileRef = 5A41614E1D11678234F7078E /* AssociatedObjectFunc.swift */; };
		5A416BECD530BAAA684605DB /* SaveFacilityAction.swift in Sources */ = {isa = PBXBuildFile; fileRef = 5A416AEBB37CBA2026633CA1 /* SaveFacilityAction.swift */; };
		5A416CA37CB0207CE870D2AC /* LoggedInEvent.swift in Sources */ = {isa = PBXBuildFile; fileRef = 5A416389FAB38585639DDCA6 /* LoggedInEvent.swift */; };
		5A416D2E696ADFD96B0EE0A1 /* BaseRecord.swift in Sources */ = {isa = PBXBuildFile; fileRef = 5A416DD9B9C71C7347D926E9 /* BaseRecord.swift */; };
		5A416D5007106D01A5EE965A /* BodySide.swift in Sources */ = {isa = PBXBuildFile; fileRef = 5A416EE2BB8C4F968A05DBCF /* BodySide.swift */; };
		5A416D6245A769F068D2D59C /* ActionDispatcher.swift in Sources */ = {isa = PBXBuildFile; fileRef = 5A416706D42629C3FDF5C65E /* ActionDispatcher.swift */; };
		5A416DC0507FC41B02057D41 /* BaseTableViewController.swift in Sources */ = {isa = PBXBuildFile; fileRef = 5A4166563E0CFE0567EB984B /* BaseTableViewController.swift */; };
		5A416F6978258329CA045F8F /* LoginAction.swift in Sources */ = {isa = PBXBuildFile; fileRef = 5A416B2576C7E02DE5009B83 /* LoginAction.swift */; };
		83AA001D1D1DAD9C008DEE91 /* AppDelegate.swift in Sources */ = {isa = PBXBuildFile; fileRef = 83AA001C1D1DAD9C008DEE91 /* AppDelegate.swift */; };
		83AA00241D1DAD9C008DEE91 /* Assets.xcassets in Resources */ = {isa = PBXBuildFile; fileRef = 83AA00231D1DAD9C008DEE91 /* Assets.xcassets */; };
		83AA00321D1DAD9C008DEE91 /* iOSDemoTests.swift in Sources */ = {isa = PBXBuildFile; fileRef = 83AA00311D1DAD9C008DEE91 /* iOSDemoTests.swift */; };
		83AA003D1D1DAD9C008DEE91 /* iOSDemoUITests.swift in Sources */ = {isa = PBXBuildFile; fileRef = 83AA003C1D1DAD9C008DEE91 /* iOSDemoUITests.swift */; };
		83FC8E181D22CB4A004E46D2 /* Default-568h@2x.png in Resources */ = {isa = PBXBuildFile; fileRef = 83FC8E171D22CB4A004E46D2 /* Default-568h@2x.png */; };
		83FC8E8C1D22CF85004E46D2 /* GRDBCipher.framework in Frameworks */ = {isa = PBXBuildFile; fileRef = 83FC8E811D22CEDA004E46D2 /* GRDBCipher.framework */; };
		83FC8E8D1D22CF85004E46D2 /* GRDBCipher.framework in Embed Frameworks */ = {isa = PBXBuildFile; fileRef = 83FC8E811D22CEDA004E46D2 /* GRDBCipher.framework */; settings = {ATTRIBUTES = (CodeSignOnCopy, RemoveHeadersOnCopy, ); }; };
/* End PBXBuildFile section */

/* Begin PBXContainerItemProxy section */
		83AA002E1D1DAD9C008DEE91 /* PBXContainerItemProxy */ = {
			isa = PBXContainerItemProxy;
			containerPortal = 83AA00111D1DAD9C008DEE91 /* Project object */;
			proxyType = 1;
			remoteGlobalIDString = 83AA00181D1DAD9C008DEE91;
			remoteInfo = iOSDemo;
		};
		83AA00391D1DAD9C008DEE91 /* PBXContainerItemProxy */ = {
			isa = PBXContainerItemProxy;
			containerPortal = 83AA00111D1DAD9C008DEE91 /* Project object */;
			proxyType = 1;
			remoteGlobalIDString = 83AA00181D1DAD9C008DEE91;
			remoteInfo = iOSDemo;
		};
		83FC8E6A1D22CEDA004E46D2 /* PBXContainerItemProxy */ = {
			isa = PBXContainerItemProxy;
			containerPortal = 83FC8E541D22CEDA004E46D2 /* GRDB.xcodeproj */;
			proxyType = 2;
			remoteGlobalIDString = DC3773F319C8CBB3004FCF85;
			remoteInfo = GRDBOSX;
		};
		83FC8E6C1D22CEDA004E46D2 /* PBXContainerItemProxy */ = {
			isa = PBXContainerItemProxy;
			containerPortal = 83FC8E541D22CEDA004E46D2 /* GRDB.xcodeproj */;
			proxyType = 2;
			remoteGlobalIDString = 56E5D7F91B4D422D00430942;
			remoteInfo = GRDBOSXTests;
		};
		83FC8E6E1D22CEDA004E46D2 /* PBXContainerItemProxy */ = {
			isa = PBXContainerItemProxy;
			containerPortal = 83FC8E541D22CEDA004E46D2 /* GRDB.xcodeproj */;
			proxyType = 2;
			remoteGlobalIDString = 560C981A1C0E22D300BF8471;
			remoteInfo = GRDBOSXPerformanceTests;
		};
		83FC8E701D22CEDA004E46D2 /* PBXContainerItemProxy */ = {
			isa = PBXContainerItemProxy;
			containerPortal = 83FC8E541D22CEDA004E46D2 /* GRDB.xcodeproj */;
			proxyType = 2;
			remoteGlobalIDString = 56553C181C3E906C00522B5C;
			remoteInfo = GRDBOSXCrashTests;
		};
		83FC8E721D22CEDA004E46D2 /* PBXContainerItemProxy */ = {
			isa = PBXContainerItemProxy;
			containerPortal = 83FC8E541D22CEDA004E46D2 /* GRDB.xcodeproj */;
			proxyType = 2;
			remoteGlobalIDString = 560FC54D1CB003810014AA8E;
			remoteInfo = GRDBCipherOSX;
		};
		83FC8E741D22CEDA004E46D2 /* PBXContainerItemProxy */ = {
			isa = PBXContainerItemProxy;
			containerPortal = 83FC8E541D22CEDA004E46D2 /* GRDB.xcodeproj */;
			proxyType = 2;
			remoteGlobalIDString = 560FC5B01CB00B880014AA8E;
			remoteInfo = GRDBCipherOSXTests;
		};
		83FC8E761D22CEDA004E46D2 /* PBXContainerItemProxy */ = {
			isa = PBXContainerItemProxy;
			containerPortal = 83FC8E541D22CEDA004E46D2 /* GRDB.xcodeproj */;
			proxyType = 2;
			remoteGlobalIDString = 5671566C1CB16729007DC145;
			remoteInfo = GRDBCipherOSXEncryptedTests;
		};
		83FC8E781D22CEDA004E46D2 /* PBXContainerItemProxy */ = {
			isa = PBXContainerItemProxy;
			containerPortal = 83FC8E541D22CEDA004E46D2 /* GRDB.xcodeproj */;
			proxyType = 2;
			remoteGlobalIDString = F3BA805A1CFB2BB2003DC1BA;
			remoteInfo = GRDBCustomSQLiteOSX;
		};
		83FC8E7A1D22CEDA004E46D2 /* PBXContainerItemProxy */ = {
			isa = PBXContainerItemProxy;
			containerPortal = 83FC8E541D22CEDA004E46D2 /* GRDB.xcodeproj */;
			proxyType = 2;
			remoteGlobalIDString = F3BA809B1CFB2F6F003DC1BA;
			remoteInfo = GRDBCustomSQLiteOSXTests;
		};
		83FC8E7C1D22CEDA004E46D2 /* PBXContainerItemProxy */ = {
			isa = PBXContainerItemProxy;
			containerPortal = 83FC8E541D22CEDA004E46D2 /* GRDB.xcodeproj */;
			proxyType = 2;
			remoteGlobalIDString = 56E5D7CA1B4D3FED00430942;
			remoteInfo = GRDBiOS;
		};
		83FC8E7E1D22CEDA004E46D2 /* PBXContainerItemProxy */ = {
			isa = PBXContainerItemProxy;
			containerPortal = 83FC8E541D22CEDA004E46D2 /* GRDB.xcodeproj */;
			proxyType = 2;
			remoteGlobalIDString = 56E5D7D31B4D3FEE00430942;
			remoteInfo = GRDBiOSTests;
		};
		83FC8E801D22CEDA004E46D2 /* PBXContainerItemProxy */ = {
			isa = PBXContainerItemProxy;
			containerPortal = 83FC8E541D22CEDA004E46D2 /* GRDB.xcodeproj */;
			proxyType = 2;
			remoteGlobalIDString = 56AFCA231CB1A8BB00F48B96;
			remoteInfo = GRDBCipheriOS;
		};
		83FC8E821D22CEDA004E46D2 /* PBXContainerItemProxy */ = {
			isa = PBXContainerItemProxy;
			containerPortal = 83FC8E541D22CEDA004E46D2 /* GRDB.xcodeproj */;
			proxyType = 2;
			remoteGlobalIDString = 56AFCA7F1CB1AA9900F48B96;
			remoteInfo = GRDBCipheriOSTests;
		};
		83FC8E841D22CEDA004E46D2 /* PBXContainerItemProxy */ = {
			isa = PBXContainerItemProxy;
			containerPortal = 83FC8E541D22CEDA004E46D2 /* GRDB.xcodeproj */;
			proxyType = 2;
			remoteGlobalIDString = 56AFCAD71CB1ABC800F48B96;
			remoteInfo = GRDBCipheriOSEncryptedTests;
		};
		83FC8E861D22CEDA004E46D2 /* PBXContainerItemProxy */ = {
			isa = PBXContainerItemProxy;
			containerPortal = 83FC8E541D22CEDA004E46D2 /* GRDB.xcodeproj */;
			proxyType = 2;
			remoteGlobalIDString = F3BA7FFE1CFB25E4003DC1BA;
			remoteInfo = GRDBCustomSQLiteiOS;
		};
		83FC8E881D22CEDA004E46D2 /* PBXContainerItemProxy */ = {
			isa = PBXContainerItemProxy;
			containerPortal = 83FC8E541D22CEDA004E46D2 /* GRDB.xcodeproj */;
			proxyType = 2;
			remoteGlobalIDString = F3BA80411CFB2AD7003DC1BA;
			remoteInfo = GRDBCustomSQLiteiOSTests;
		};
		83FC8E8A1D22CF71004E46D2 /* PBXContainerItemProxy */ = {
			isa = PBXContainerItemProxy;
			containerPortal = 83FC8E541D22CEDA004E46D2 /* GRDB.xcodeproj */;
			proxyType = 1;
			remoteGlobalIDString = 56AFC9EE1CB1A8BB00F48B96;
			remoteInfo = GRDBCipheriOS;
		};
		83FC8E8E1D22CF85004E46D2 /* PBXContainerItemProxy */ = {
			isa = PBXContainerItemProxy;
			containerPortal = 83FC8E541D22CEDA004E46D2 /* GRDB.xcodeproj */;
			proxyType = 1;
			remoteGlobalIDString = 56AFC9EE1CB1A8BB00F48B96;
			remoteInfo = GRDBCipheriOS;
		};
/* End PBXContainerItemProxy section */

/* Begin PBXCopyFilesBuildPhase section */
		83FC8E161D22CB3A004E46D2 /* Embed Frameworks */ = {
			isa = PBXCopyFilesBuildPhase;
			buildActionMask = 2147483647;
			dstPath = "";
			dstSubfolderSpec = 10;
			files = (
				83FC8E8D1D22CF85004E46D2 /* GRDBCipher.framework in Embed Frameworks */,
			);
			name = "Embed Frameworks";
			runOnlyForDeploymentPostprocessing = 0;
		};
/* End PBXCopyFilesBuildPhase section */

/* Begin PBXFileReference section */
		0BF69A594BDB707857154672 /* Pods-iOSDemo.debug.xcconfig */ = {isa = PBXFileReference; includeInIndex = 1; lastKnownFileType = text.xcconfig; name = "Pods-iOSDemo.debug.xcconfig"; path = "Pods/Target Support Files/Pods-iOSDemo/Pods-iOSDemo.debug.xcconfig"; sourceTree = "<group>"; };
		5A41614E1D11678234F7078E /* AssociatedObjectFunc.swift */ = {isa = PBXFileReference; fileEncoding = 4; lastKnownFileType = sourcecode.swift; path = AssociatedObjectFunc.swift; sourceTree = "<group>"; };
		5A416185F38FD7A4DA9512C9 /* BaseViewController.swift */ = {isa = PBXFileReference; fileEncoding = 4; lastKnownFileType = sourcecode.swift; path = BaseViewController.swift; sourceTree = "<group>"; };
		5A4162379A06268DA226F227 /* SchemaAction.swift */ = {isa = PBXFileReference; fileEncoding = 4; lastKnownFileType = sourcecode.swift; path = SchemaAction.swift; sourceTree = "<group>"; };
		5A41634208C37D2D6485BDD3 /* Address.swift */ = {isa = PBXFileReference; fileEncoding = 4; lastKnownFileType = sourcecode.swift; path = Address.swift; sourceTree = "<group>"; };
		5A416389FAB38585639DDCA6 /* LoggedInEvent.swift */ = {isa = PBXFileReference; fileEncoding = 4; lastKnownFileType = sourcecode.swift; path = LoggedInEvent.swift; sourceTree = "<group>"; };
		5A4164D34BB6C280BB67BF19 /* WsDispatcher.swift */ = {isa = PBXFileReference; fileEncoding = 4; lastKnownFileType = sourcecode.swift; path = WsDispatcher.swift; sourceTree = "<group>"; };
		5A4166563E0CFE0567EB984B /* BaseTableViewController.swift */ = {isa = PBXFileReference; fileEncoding = 4; lastKnownFileType = sourcecode.swift; path = BaseTableViewController.swift; sourceTree = "<group>"; };
		5A4166EF14DD6DB22AD33A7F /* ActionProtocol.swift */ = {isa = PBXFileReference; fileEncoding = 4; lastKnownFileType = sourcecode.swift; path = ActionProtocol.swift; sourceTree = "<group>"; };
		5A416706D42629C3FDF5C65E /* ActionDispatcher.swift */ = {isa = PBXFileReference; fileEncoding = 4; lastKnownFileType = sourcecode.swift; path = ActionDispatcher.swift; sourceTree = "<group>"; };
		5A41679655338D20727D8558 /* ViewController.swift */ = {isa = PBXFileReference; fileEncoding = 4; lastKnownFileType = sourcecode.swift; path = ViewController.swift; sourceTree = "<group>"; };
		5A4167AF27380BFC12177CE5 /* FacilityEntity.swift */ = {isa = PBXFileReference; fileEncoding = 4; lastKnownFileType = sourcecode.swift; path = FacilityEntity.swift; sourceTree = "<group>"; };
		5A4169F52D9C247E2CFB5CB5 /* ListFacilitiesAction.swift */ = {isa = PBXFileReference; fileEncoding = 4; lastKnownFileType = sourcecode.swift; path = ListFacilitiesAction.swift; sourceTree = "<group>"; };
		5A416AEBB37CBA2026633CA1 /* SaveFacilityAction.swift */ = {isa = PBXFileReference; fileEncoding = 4; lastKnownFileType = sourcecode.swift; path = SaveFacilityAction.swift; sourceTree = "<group>"; };
		5A416B2576C7E02DE5009B83 /* LoginAction.swift */ = {isa = PBXFileReference; fileEncoding = 4; lastKnownFileType = sourcecode.swift; path = LoginAction.swift; sourceTree = "<group>"; };
		5A416B8CC9F242D0A6933405 /* DatabaseManager.swift */ = {isa = PBXFileReference; fileEncoding = 4; lastKnownFileType = sourcecode.swift; path = DatabaseManager.swift; sourceTree = "<group>"; };
		5A416BE4820120168D3AEE61 /* EventBus.swift */ = {isa = PBXFileReference; fileEncoding = 4; lastKnownFileType = sourcecode.swift; path = EventBus.swift; sourceTree = "<group>"; };
		5A416D507CE03944FF76D440 /* ActionType.swift */ = {isa = PBXFileReference; fileEncoding = 4; lastKnownFileType = sourcecode.swift; path = ActionType.swift; sourceTree = "<group>"; };
		5A416DD9B9C71C7347D926E9 /* BaseRecord.swift */ = {isa = PBXFileReference; fileEncoding = 4; lastKnownFileType = sourcecode.swift; path = BaseRecord.swift; sourceTree = "<group>"; };
		5A416EE2BB8C4F968A05DBCF /* BodySide.swift */ = {isa = PBXFileReference; fileEncoding = 4; lastKnownFileType = sourcecode.swift; path = BodySide.swift; sourceTree = "<group>"; };
		72A4E007E56321F2E1F2E4A3 /* Pods_iOSDemo.framework */ = {isa = PBXFileReference; explicitFileType = wrapper.framework; includeInIndex = 0; path = Pods_iOSDemo.framework; sourceTree = BUILT_PRODUCTS_DIR; };
		83AA00191D1DAD9C008DEE91 /* iOSDemo.app */ = {isa = PBXFileReference; explicitFileType = wrapper.application; includeInIndex = 0; path = iOSDemo.app; sourceTree = BUILT_PRODUCTS_DIR; };
		83AA001C1D1DAD9C008DEE91 /* AppDelegate.swift */ = {isa = PBXFileReference; lastKnownFileType = sourcecode.swift; path = AppDelegate.swift; sourceTree = "<group>"; };
		83AA00231D1DAD9C008DEE91 /* Assets.xcassets */ = {isa = PBXFileReference; lastKnownFileType = folder.assetcatalog; path = Assets.xcassets; sourceTree = "<group>"; };
		83AA00281D1DAD9C008DEE91 /* Info.plist */ = {isa = PBXFileReference; lastKnownFileType = text.plist.xml; path = Info.plist; sourceTree = "<group>"; };
		83AA002D1D1DAD9C008DEE91 /* iOSDemoTests.xctest */ = {isa = PBXFileReference; explicitFileType = wrapper.cfbundle; includeInIndex = 0; path = iOSDemoTests.xctest; sourceTree = BUILT_PRODUCTS_DIR; };
		83AA00311D1DAD9C008DEE91 /* iOSDemoTests.swift */ = {isa = PBXFileReference; lastKnownFileType = sourcecode.swift; path = iOSDemoTests.swift; sourceTree = "<group>"; };
		83AA00331D1DAD9C008DEE91 /* Info.plist */ = {isa = PBXFileReference; lastKnownFileType = text.plist.xml; path = Info.plist; sourceTree = "<group>"; };
		83AA00381D1DAD9C008DEE91 /* iOSDemoUITests.xctest */ = {isa = PBXFileReference; explicitFileType = wrapper.cfbundle; includeInIndex = 0; path = iOSDemoUITests.xctest; sourceTree = BUILT_PRODUCTS_DIR; };
		83AA003C1D1DAD9C008DEE91 /* iOSDemoUITests.swift */ = {isa = PBXFileReference; lastKnownFileType = sourcecode.swift; path = iOSDemoUITests.swift; sourceTree = "<group>"; };
		83AA003E1D1DAD9C008DEE91 /* Info.plist */ = {isa = PBXFileReference; lastKnownFileType = text.plist.xml; path = Info.plist; sourceTree = "<group>"; };
		83FC8E171D22CB4A004E46D2 /* Default-568h@2x.png */ = {isa = PBXFileReference; lastKnownFileType = image.png; path = "Default-568h@2x.png"; sourceTree = "<group>"; };
		83FC8E541D22CEDA004E46D2 /* GRDB.xcodeproj */ = {isa = PBXFileReference; lastKnownFileType = "wrapper.pb-project"; name = GRDB.xcodeproj; path = GRDB.swift/GRDB.xcodeproj; sourceTree = "<group>"; };
		C22518F7A34BA19543A7EBED /* Pods-iOSDemo.release.xcconfig */ = {isa = PBXFileReference; includeInIndex = 1; lastKnownFileType = text.xcconfig; name = "Pods-iOSDemo.release.xcconfig"; path = "Pods/Target Support Files/Pods-iOSDemo/Pods-iOSDemo.release.xcconfig"; sourceTree = "<group>"; };
/* End PBXFileReference section */

/* Begin PBXFrameworksBuildPhase section */
		83AA00161D1DAD9C008DEE91 /* Frameworks */ = {
			isa = PBXFrameworksBuildPhase;
			buildActionMask = 2147483647;
			files = (
				83FC8E8C1D22CF85004E46D2 /* GRDBCipher.framework in Frameworks */,
				36D9EA2702EB745E4BFF69DB /* Pods_iOSDemo.framework in Frameworks */,
			);
			runOnlyForDeploymentPostprocessing = 0;
		};
		83AA002A1D1DAD9C008DEE91 /* Frameworks */ = {
			isa = PBXFrameworksBuildPhase;
			buildActionMask = 2147483647;
			files = (
			);
			runOnlyForDeploymentPostprocessing = 0;
		};
		83AA00351D1DAD9C008DEE91 /* Frameworks */ = {
			isa = PBXFrameworksBuildPhase;
			buildActionMask = 2147483647;
			files = (
			);
			runOnlyForDeploymentPostprocessing = 0;
		};
/* End PBXFrameworksBuildPhase section */

/* Begin PBXGroup section */
		5A4161240FFF594984BBE656 /* Facility */ = {
			isa = PBXGroup;
			children = (
				5A4169F52D9C247E2CFB5CB5 /* ListFacilitiesAction.swift */,
				5A416AEBB37CBA2026633CA1 /* SaveFacilityAction.swift */,
			);
			path = Facility;
			sourceTree = "<group>";
		};
		5A416191D32E1C3EAA9D0F8B /* Common */ = {
			isa = PBXGroup;
			children = (
				5A41634208C37D2D6485BDD3 /* Address.swift */,
			);
			path = Common;
			sourceTree = "<group>";
		};
		5A4164010E69D0DCB66900BC /* Base */ = {
			isa = PBXGroup;
			children = (
				5A41614E1D11678234F7078E /* AssociatedObjectFunc.swift */,
			);
			path = Base;
			sourceTree = "<group>";
		};
		5A4164217D67D51746D67069 /* Base */ = {
			isa = PBXGroup;
			children = (
				5A416D507CE03944FF76D440 /* ActionType.swift */,
				5A416706D42629C3FDF5C65E /* ActionDispatcher.swift */,
				5A4166EF14DD6DB22AD33A7F /* ActionProtocol.swift */,
			);
			path = Base;
			sourceTree = "<group>";
		};
		5A41644637203BE26FFF8F37 /* Action */ = {
			isa = PBXGroup;
			children = (
				5A4164217D67D51746D67069 /* Base */,
				5A4162379A06268DA226F227 /* SchemaAction.swift */,
				5A41655862C7848DC36099D1 /* Directory */,
				5A416E5119463C478FEE6E81 /* Auth */,
			);
			path = Action;
			sourceTree = "<group>";
		};
		5A41655862C7848DC36099D1 /* Directory */ = {
			isa = PBXGroup;
			children = (
				5A4161240FFF594984BBE656 /* Facility */,
			);
			path = Directory;
			sourceTree = "<group>";
		};
		5A416627AB00CF4A6B3BB62E /* Base */ = {
			isa = PBXGroup;
			children = (
				5A416185F38FD7A4DA9512C9 /* BaseViewController.swift */,
				5A4166563E0CFE0567EB984B /* BaseTableViewController.swift */,
			);
			path = Base;
			sourceTree = "<group>";
		};
		5A4168202C8365030015507A /* Event */ = {
			isa = PBXGroup;
			children = (
				5A416BE4820120168D3AEE61 /* EventBus.swift */,
				5A416389FAB38585639DDCA6 /* LoggedInEvent.swift */,
			);
			path = Event;
			sourceTree = "<group>";
		};
		5A4168859AE010E9A94EF395 /* UserInterface */ = {
			isa = PBXGroup;
			children = (
				5A41679655338D20727D8558 /* ViewController.swift */,
				5A416627AB00CF4A6B3BB62E /* Base */,
			);
			path = UserInterface;
			sourceTree = "<group>";
		};
		5A416A43426EA2824E782B19 /* Base */ = {
			isa = PBXGroup;
			children = (
				5A416DD9B9C71C7347D926E9 /* BaseRecord.swift */,
			);
			path = Base;
			sourceTree = "<group>";
		};
		5A416AF864F1CD8BB19C655F /* Network */ = {
			isa = PBXGroup;
			children = (
				5A4164D34BB6C280BB67BF19 /* WsDispatcher.swift */,
			);
			path = Network;
			sourceTree = "<group>";
		};
		5A416C2F6A886AF9A5DF34C4 /* Model */ = {
			isa = PBXGroup;
			children = (
				5A416A43426EA2824E782B19 /* Base */,
				5A416191D32E1C3EAA9D0F8B /* Common */,
				5A4167AF27380BFC12177CE5 /* FacilityEntity.swift */,
				5A416EE2BB8C4F968A05DBCF /* BodySide.swift */,
			);
			path = Model;
			sourceTree = "<group>";
		};
		5A416E5119463C478FEE6E81 /* Auth */ = {
			isa = PBXGroup;
			children = (
				5A416B2576C7E02DE5009B83 /* LoginAction.swift */,
			);
			path = Auth;
			sourceTree = "<group>";
		};
		5A416EF5ABC78468764779B3 /* Database */ = {
			isa = PBXGroup;
			children = (
				5A416B8CC9F242D0A6933405 /* DatabaseManager.swift */,
			);
			path = Database;
			sourceTree = "<group>";
		};
		734381AC10E572ED6A5EEE28 /* Pods */ = {
			isa = PBXGroup;
			children = (
				0BF69A594BDB707857154672 /* Pods-iOSDemo.debug.xcconfig */,
				C22518F7A34BA19543A7EBED /* Pods-iOSDemo.release.xcconfig */,
			);
			name = Pods;
			sourceTree = "<group>";
		};
		83AA00101D1DAD9C008DEE91 = {
			isa = PBXGroup;
			children = (
				83FC8E171D22CB4A004E46D2 /* Default-568h@2x.png */,
				83AA001B1D1DAD9C008DEE91 /* iOSDemo */,
				83AA00301D1DAD9C008DEE91 /* iOSDemoTests */,
				83AA003B1D1DAD9C008DEE91 /* iOSDemoUITests */,
				83AA001A1D1DAD9C008DEE91 /* Products */,
				734381AC10E572ED6A5EEE28 /* Pods */,
				E49B101EB7FE7F476CF2CA15 /* Frameworks */,
				83FC8E541D22CEDA004E46D2 /* GRDB.xcodeproj */,
			);
			sourceTree = "<group>";
		};
		83AA001A1D1DAD9C008DEE91 /* Products */ = {
			isa = PBXGroup;
			children = (
				83AA00191D1DAD9C008DEE91 /* iOSDemo.app */,
				83AA002D1D1DAD9C008DEE91 /* iOSDemoTests.xctest */,
				83AA00381D1DAD9C008DEE91 /* iOSDemoUITests.xctest */,
			);
			name = Products;
			sourceTree = "<group>";
		};
		83AA001B1D1DAD9C008DEE91 /* iOSDemo */ = {
			isa = PBXGroup;
			children = (
				83AA001C1D1DAD9C008DEE91 /* AppDelegate.swift */,
				83AA00231D1DAD9C008DEE91 /* Assets.xcassets */,
				83AA00281D1DAD9C008DEE91 /* Info.plist */,
				5A41644637203BE26FFF8F37 /* Action */,
				5A416C2F6A886AF9A5DF34C4 /* Model */,
				5A416EF5ABC78468764779B3 /* Database */,
				5A4164010E69D0DCB66900BC /* Base */,
				5A4168859AE010E9A94EF395 /* UserInterface */,
				5A416AF864F1CD8BB19C655F /* Network */,
				5A4168202C8365030015507A /* Event */,
			);
			path = iOSDemo;
			sourceTree = "<group>";
		};
		83AA00301D1DAD9C008DEE91 /* iOSDemoTests */ = {
			isa = PBXGroup;
			children = (
				83AA00311D1DAD9C008DEE91 /* iOSDemoTests.swift */,
				83AA00331D1DAD9C008DEE91 /* Info.plist */,
			);
			path = iOSDemoTests;
			sourceTree = "<group>";
		};
		83AA003B1D1DAD9C008DEE91 /* iOSDemoUITests */ = {
			isa = PBXGroup;
			children = (
				83AA003C1D1DAD9C008DEE91 /* iOSDemoUITests.swift */,
				83AA003E1D1DAD9C008DEE91 /* Info.plist */,
			);
			path = iOSDemoUITests;
			sourceTree = "<group>";
		};
		83FC8E551D22CEDA004E46D2 /* Products */ = {
			isa = PBXGroup;
			children = (
				83FC8E6B1D22CEDA004E46D2 /* GRDB.framework */,
				83FC8E6D1D22CEDA004E46D2 /* GRDBTests.xctest */,
				83FC8E6F1D22CEDA004E46D2 /* GRDBOSXPerformanceTests.xctest */,
				83FC8E711D22CEDA004E46D2 /* GRDBOSXCrashTests.xctest */,
				83FC8E731D22CEDA004E46D2 /* GRDBCipher.framework */,
				83FC8E751D22CEDA004E46D2 /* GRDBTests.xctest */,
				83FC8E771D22CEDA004E46D2 /* GRDBCipherOSXEncryptedTests.xctest */,
				83FC8E791D22CEDA004E46D2 /* GRDBCustomSQLite.framework */,
				83FC8E7B1D22CEDA004E46D2 /* GRDBCustomSQLiteOSXTests.xctest */,
				83FC8E7D1D22CEDA004E46D2 /* GRDB.framework */,
				83FC8E7F1D22CEDA004E46D2 /* GRDBTests.xctest */,
				83FC8E811D22CEDA004E46D2 /* GRDBCipher.framework */,
				83FC8E831D22CEDA004E46D2 /* GRDBTests.xctest */,
				83FC8E851D22CEDA004E46D2 /* GRDBTests.xctest */,
				83FC8E871D22CEDA004E46D2 /* GRDBCustomSQLite.framework */,
				83FC8E891D22CEDA004E46D2 /* GRDBCustomSQLiteiOSTests.xctest */,
			);
			name = Products;
			sourceTree = "<group>";
		};
		E49B101EB7FE7F476CF2CA15 /* Frameworks */ = {
			isa = PBXGroup;
			children = (
				72A4E007E56321F2E1F2E4A3 /* Pods_iOSDemo.framework */,
			);
			name = Frameworks;
			sourceTree = "<group>";
		};
/* End PBXGroup section */

/* Begin PBXNativeTarget section */
		83AA00181D1DAD9C008DEE91 /* iOSDemo */ = {
			isa = PBXNativeTarget;
			buildConfigurationList = 83AA00411D1DAD9C008DEE91 /* Build configuration list for PBXNativeTarget "iOSDemo" */;
			buildPhases = (
				E3A3089C7ED786A4E32677F2 /* [CP] Check Pods Manifest.lock */,
				83AA00151D1DAD9C008DEE91 /* Sources */,
				83AA00161D1DAD9C008DEE91 /* Frameworks */,
				83AA00171D1DAD9C008DEE91 /* Resources */,
				09A2D4CE403DB5B647FD3C37 /* [CP] Embed Pods Frameworks */,
				AA287B688D6A0AB41BE455A3 /* [CP] Copy Pods Resources */,
				83FC8E161D22CB3A004E46D2 /* Embed Frameworks */,
			);
			buildRules = (
			);
			dependencies = (
				83FC8E8B1D22CF71004E46D2 /* PBXTargetDependency */,
				83FC8E8F1D22CF85004E46D2 /* PBXTargetDependency */,
			);
			name = iOSDemo;
			productName = iOSDemo;
			productReference = 83AA00191D1DAD9C008DEE91 /* iOSDemo.app */;
			productType = "com.apple.product-type.application";
		};
		83AA002C1D1DAD9C008DEE91 /* iOSDemoTests */ = {
			isa = PBXNativeTarget;
			buildConfigurationList = 83AA00441D1DAD9C008DEE91 /* Build configuration list for PBXNativeTarget "iOSDemoTests" */;
			buildPhases = (
				83AA00291D1DAD9C008DEE91 /* Sources */,
				83AA002A1D1DAD9C008DEE91 /* Frameworks */,
				83AA002B1D1DAD9C008DEE91 /* Resources */,
			);
			buildRules = (
			);
			dependencies = (
				83AA002F1D1DAD9C008DEE91 /* PBXTargetDependency */,
			);
			name = iOSDemoTests;
			productName = iOSDemoTests;
			productReference = 83AA002D1D1DAD9C008DEE91 /* iOSDemoTests.xctest */;
			productType = "com.apple.product-type.bundle.unit-test";
		};
		83AA00371D1DAD9C008DEE91 /* iOSDemoUITests */ = {
			isa = PBXNativeTarget;
			buildConfigurationList = 83AA00471D1DAD9C008DEE91 /* Build configuration list for PBXNativeTarget "iOSDemoUITests" */;
			buildPhases = (
				83AA00341D1DAD9C008DEE91 /* Sources */,
				83AA00351D1DAD9C008DEE91 /* Frameworks */,
				83AA00361D1DAD9C008DEE91 /* Resources */,
			);
			buildRules = (
			);
			dependencies = (
				83AA003A1D1DAD9C008DEE91 /* PBXTargetDependency */,
			);
			name = iOSDemoUITests;
			productName = iOSDemoUITests;
			productReference = 83AA00381D1DAD9C008DEE91 /* iOSDemoUITests.xctest */;
			productType = "com.apple.product-type.bundle.ui-testing";
		};
/* End PBXNativeTarget section */

/* Begin PBXProject section */
		83AA00111D1DAD9C008DEE91 /* Project object */ = {
			isa = PBXProject;
			attributes = {
				LastSwiftUpdateCheck = 0730;
				LastUpgradeCheck = 0730;
				ORGANIZATIONNAME = ClickHandlerIO;
				TargetAttributes = {
					83AA00181D1DAD9C008DEE91 = {
						CreatedOnToolsVersion = 7.3.1;
					};
					83AA002C1D1DAD9C008DEE91 = {
						CreatedOnToolsVersion = 7.3.1;
						TestTargetID = 83AA00181D1DAD9C008DEE91;
					};
					83AA00371D1DAD9C008DEE91 = {
						CreatedOnToolsVersion = 7.3.1;
						TestTargetID = 83AA00181D1DAD9C008DEE91;
					};
				};
			};
			buildConfigurationList = 83AA00141D1DAD9C008DEE91 /* Build configuration list for PBXProject "iOSDemo" */;
			compatibilityVersion = "Xcode 3.2";
			developmentRegion = English;
			hasScannedForEncodings = 0;
			knownRegions = (
				en,
				Base,
			);
			mainGroup = 83AA00101D1DAD9C008DEE91;
			productRefGroup = 83AA001A1D1DAD9C008DEE91 /* Products */;
			projectDirPath = "";
			projectReferences = (
				{
					ProductGroup = 83FC8E551D22CEDA004E46D2 /* Products */;
					ProjectRef = 83FC8E541D22CEDA004E46D2 /* GRDB.xcodeproj */;
				},
			);
			projectRoot = "";
			targets = (
				83AA00181D1DAD9C008DEE91 /* iOSDemo */,
				83AA002C1D1DAD9C008DEE91 /* iOSDemoTests */,
				83AA00371D1DAD9C008DEE91 /* iOSDemoUITests */,
			);
		};
/* End PBXProject section */

/* Begin PBXReferenceProxy section */
		83FC8E6B1D22CEDA004E46D2 /* GRDB.framework */ = {
			isa = PBXReferenceProxy;
			fileType = wrapper.framework;
			path = GRDB.framework;
			remoteRef = 83FC8E6A1D22CEDA004E46D2 /* PBXContainerItemProxy */;
			sourceTree = BUILT_PRODUCTS_DIR;
		};
		83FC8E6D1D22CEDA004E46D2 /* GRDBTests.xctest */ = {
			isa = PBXReferenceProxy;
			fileType = wrapper.cfbundle;
			path = GRDBTests.xctest;
			remoteRef = 83FC8E6C1D22CEDA004E46D2 /* PBXContainerItemProxy */;
			sourceTree = BUILT_PRODUCTS_DIR;
		};
		83FC8E6F1D22CEDA004E46D2 /* GRDBOSXPerformanceTests.xctest */ = {
			isa = PBXReferenceProxy;
			fileType = wrapper.cfbundle;
			path = GRDBOSXPerformanceTests.xctest;
			remoteRef = 83FC8E6E1D22CEDA004E46D2 /* PBXContainerItemProxy */;
			sourceTree = BUILT_PRODUCTS_DIR;
		};
		83FC8E711D22CEDA004E46D2 /* GRDBOSXCrashTests.xctest */ = {
			isa = PBXReferenceProxy;
			fileType = wrapper.cfbundle;
			path = GRDBOSXCrashTests.xctest;
			remoteRef = 83FC8E701D22CEDA004E46D2 /* PBXContainerItemProxy */;
			sourceTree = BUILT_PRODUCTS_DIR;
		};
		83FC8E731D22CEDA004E46D2 /* GRDBCipher.framework */ = {
			isa = PBXReferenceProxy;
			fileType = wrapper.framework;
			path = GRDBCipher.framework;
			remoteRef = 83FC8E721D22CEDA004E46D2 /* PBXContainerItemProxy */;
			sourceTree = BUILT_PRODUCTS_DIR;
		};
		83FC8E751D22CEDA004E46D2 /* GRDBTests.xctest */ = {
			isa = PBXReferenceProxy;
			fileType = wrapper.cfbundle;
			path = GRDBTests.xctest;
			remoteRef = 83FC8E741D22CEDA004E46D2 /* PBXContainerItemProxy */;
			sourceTree = BUILT_PRODUCTS_DIR;
		};
		83FC8E771D22CEDA004E46D2 /* GRDBCipherOSXEncryptedTests.xctest */ = {
			isa = PBXReferenceProxy;
			fileType = wrapper.cfbundle;
			path = GRDBCipherOSXEncryptedTests.xctest;
			remoteRef = 83FC8E761D22CEDA004E46D2 /* PBXContainerItemProxy */;
			sourceTree = BUILT_PRODUCTS_DIR;
		};
		83FC8E791D22CEDA004E46D2 /* GRDBCustomSQLite.framework */ = {
			isa = PBXReferenceProxy;
			fileType = wrapper.framework;
			path = GRDBCustomSQLite.framework;
			remoteRef = 83FC8E781D22CEDA004E46D2 /* PBXContainerItemProxy */;
			sourceTree = BUILT_PRODUCTS_DIR;
		};
		83FC8E7B1D22CEDA004E46D2 /* GRDBCustomSQLiteOSXTests.xctest */ = {
			isa = PBXReferenceProxy;
			fileType = wrapper.cfbundle;
			path = GRDBCustomSQLiteOSXTests.xctest;
			remoteRef = 83FC8E7A1D22CEDA004E46D2 /* PBXContainerItemProxy */;
			sourceTree = BUILT_PRODUCTS_DIR;
		};
		83FC8E7D1D22CEDA004E46D2 /* GRDB.framework */ = {
			isa = PBXReferenceProxy;
			fileType = wrapper.framework;
			path = GRDB.framework;
			remoteRef = 83FC8E7C1D22CEDA004E46D2 /* PBXContainerItemProxy */;
			sourceTree = BUILT_PRODUCTS_DIR;
		};
		83FC8E7F1D22CEDA004E46D2 /* GRDBTests.xctest */ = {
			isa = PBXReferenceProxy;
			fileType = wrapper.cfbundle;
			path = GRDBTests.xctest;
			remoteRef = 83FC8E7E1D22CEDA004E46D2 /* PBXContainerItemProxy */;
			sourceTree = BUILT_PRODUCTS_DIR;
		};
		83FC8E811D22CEDA004E46D2 /* GRDBCipher.framework */ = {
			isa = PBXReferenceProxy;
			fileType = wrapper.framework;
			path = GRDBCipher.framework;
			remoteRef = 83FC8E801D22CEDA004E46D2 /* PBXContainerItemProxy */;
			sourceTree = BUILT_PRODUCTS_DIR;
		};
		83FC8E831D22CEDA004E46D2 /* GRDBTests.xctest */ = {
			isa = PBXReferenceProxy;
			fileType = wrapper.cfbundle;
			path = GRDBTests.xctest;
			remoteRef = 83FC8E821D22CEDA004E46D2 /* PBXContainerItemProxy */;
			sourceTree = BUILT_PRODUCTS_DIR;
		};
		83FC8E851D22CEDA004E46D2 /* GRDBTests.xctest */ = {
			isa = PBXReferenceProxy;
			fileType = wrapper.cfbundle;
			path = GRDBTests.xctest;
			remoteRef = 83FC8E841D22CEDA004E46D2 /* PBXContainerItemProxy */;
			sourceTree = BUILT_PRODUCTS_DIR;
		};
		83FC8E871D22CEDA004E46D2 /* GRDBCustomSQLite.framework */ = {
			isa = PBXReferenceProxy;
			fileType = wrapper.framework;
			path = GRDBCustomSQLite.framework;
			remoteRef = 83FC8E861D22CEDA004E46D2 /* PBXContainerItemProxy */;
			sourceTree = BUILT_PRODUCTS_DIR;
		};
		83FC8E891D22CEDA004E46D2 /* GRDBCustomSQLiteiOSTests.xctest */ = {
			isa = PBXReferenceProxy;
			fileType = wrapper.cfbundle;
			path = GRDBCustomSQLiteiOSTests.xctest;
			remoteRef = 83FC8E881D22CEDA004E46D2 /* PBXContainerItemProxy */;
			sourceTree = BUILT_PRODUCTS_DIR;
		};
/* End PBXReferenceProxy section */

/* Begin PBXResourcesBuildPhase section */
		83AA00171D1DAD9C008DEE91 /* Resources */ = {
			isa = PBXResourcesBuildPhase;
			buildActionMask = 2147483647;
			files = (
				83AA00241D1DAD9C008DEE91 /* Assets.xcassets in Resources */,
				83FC8E181D22CB4A004E46D2 /* Default-568h@2x.png in Resources */,
			);
			runOnlyForDeploymentPostprocessing = 0;
		};
		83AA002B1D1DAD9C008DEE91 /* Resources */ = {
			isa = PBXResourcesBuildPhase;
			buildActionMask = 2147483647;
			files = (
			);
			runOnlyForDeploymentPostprocessing = 0;
		};
		83AA00361D1DAD9C008DEE91 /* Resources */ = {
			isa = PBXResourcesBuildPhase;
			buildActionMask = 2147483647;
			files = (
			);
			runOnlyForDeploymentPostprocessing = 0;
		};
/* End PBXResourcesBuildPhase section */

/* Begin PBXShellScriptBuildPhase section */
		09A2D4CE403DB5B647FD3C37 /* [CP] Embed Pods Frameworks */ = {
			isa = PBXShellScriptBuildPhase;
			buildActionMask = 2147483647;
			files = (
			);
			inputPaths = (
			);
			name = "[CP] Embed Pods Frameworks";
			outputPaths = (
			);
			runOnlyForDeploymentPostprocessing = 0;
			shellPath = /bin/sh;
			shellScript = "\"${SRCROOT}/Pods/Target Support Files/Pods-iOSDemo/Pods-iOSDemo-frameworks.sh\"\n";
			showEnvVarsInLog = 0;
		};
		AA287B688D6A0AB41BE455A3 /* [CP] Copy Pods Resources */ = {
			isa = PBXShellScriptBuildPhase;
			buildActionMask = 2147483647;
			files = (
			);
			inputPaths = (
			);
			name = "[CP] Copy Pods Resources";
			outputPaths = (
			);
			runOnlyForDeploymentPostprocessing = 0;
			shellPath = /bin/sh;
			shellScript = "\"${SRCROOT}/Pods/Target Support Files/Pods-iOSDemo/Pods-iOSDemo-resources.sh\"\n";
			showEnvVarsInLog = 0;
		};
		E3A3089C7ED786A4E32677F2 /* [CP] Check Pods Manifest.lock */ = {
			isa = PBXShellScriptBuildPhase;
			buildActionMask = 2147483647;
			files = (
			);
			inputPaths = (
			);
			name = "[CP] Check Pods Manifest.lock";
			outputPaths = (
			);
			runOnlyForDeploymentPostprocessing = 0;
			shellPath = /bin/sh;
			shellScript = "diff \"${PODS_ROOT}/../Podfile.lock\" \"${PODS_ROOT}/Manifest.lock\" > /dev/null\nif [[ $? != 0 ]] ; then\n    cat << EOM\nerror: The sandbox is not in sync with the Podfile.lock. Run 'pod install' or update your CocoaPods installation.\nEOM\n    exit 1\nfi\n";
			showEnvVarsInLog = 0;
		};
/* End PBXShellScriptBuildPhase section */

/* Begin PBXSourcesBuildPhase section */
		83AA00151D1DAD9C008DEE91 /* Sources */ = {
			isa = PBXSourcesBuildPhase;
			buildActionMask = 2147483647;
			files = (
				83AA001D1D1DAD9C008DEE91 /* AppDelegate.swift in Sources */,
				5A416884B76E0D2B26A18978 /* ActionType.swift in Sources */,
				5A416D6245A769F068D2D59C /* ActionDispatcher.swift in Sources */,
				5A416BB481D28885AD84F31C /* ActionProtocol.swift in Sources */,
				5A416D2E696ADFD96B0EE0A1 /* BaseRecord.swift in Sources */,
				5A4167026B448C42AFDDD7D2 /* Address.swift in Sources */,
				5A41684F688EC14357BE87D6 /* DatabaseManager.swift in Sources */,
				5A41622DEB96AF0AE1A6FD2C /* SchemaAction.swift in Sources */,
				5A4167413CBD6644DB333BD2 /* FacilityEntity.swift in Sources */,
				5A416D5007106D01A5EE965A /* BodySide.swift in Sources */,
				5A4163CD086B346FD1412949 /* ViewController.swift in Sources */,
				5A4169BC259D7DF1A4011DEC /* ListFacilitiesAction.swift in Sources */,
				5A416F6978258329CA045F8F /* LoginAction.swift in Sources */,
				5A416BECD530BAAA684605DB /* SaveFacilityAction.swift in Sources */,
				5A416049890993E9CE482F89 /* WsDispatcher.swift in Sources */,
				5A4165016B497DE47EDD6938 /* EventBus.swift in Sources */,
				5A416CA37CB0207CE870D2AC /* LoggedInEvent.swift in Sources */,
				5A416BBBBE7DCB24DCCBCEE0 /* AssociatedObjectFunc.swift in Sources */,
				5A416474C9931F60789F407A /* BaseViewController.swift in Sources */,
				5A416DC0507FC41B02057D41 /* BaseTableViewController.swift in Sources */,
			);
			runOnlyForDeploymentPostprocessing = 0;
		};
		83AA00291D1DAD9C008DEE91 /* Sources */ = {
			isa = PBXSourcesBuildPhase;
			buildActionMask = 2147483647;
			files = (
				83AA00321D1DAD9C008DEE91 /* iOSDemoTests.swift in Sources */,
			);
			runOnlyForDeploymentPostprocessing = 0;
		};
		83AA00341D1DAD9C008DEE91 /* Sources */ = {
			isa = PBXSourcesBuildPhase;
			buildActionMask = 2147483647;
			files = (
				83AA003D1D1DAD9C008DEE91 /* iOSDemoUITests.swift in Sources */,
			);
			runOnlyForDeploymentPostprocessing = 0;
		};
/* End PBXSourcesBuildPhase section */

/* Begin PBXTargetDependency section */
		83AA002F1D1DAD9C008DEE91 /* PBXTargetDependency */ = {
			isa = PBXTargetDependency;
			target = 83AA00181D1DAD9C008DEE91 /* iOSDemo */;
			targetProxy = 83AA002E1D1DAD9C008DEE91 /* PBXContainerItemProxy */;
		};
		83AA003A1D1DAD9C008DEE91 /* PBXTargetDependency */ = {
			isa = PBXTargetDependency;
			target = 83AA00181D1DAD9C008DEE91 /* iOSDemo */;
			targetProxy = 83AA00391D1DAD9C008DEE91 /* PBXContainerItemProxy */;
		};
		83FC8E8B1D22CF71004E46D2 /* PBXTargetDependency */ = {
			isa = PBXTargetDependency;
			name = GRDBCipheriOS;
			targetProxy = 83FC8E8A1D22CF71004E46D2 /* PBXContainerItemProxy */;
		};
		83FC8E8F1D22CF85004E46D2 /* PBXTargetDependency */ = {
			isa = PBXTargetDependency;
			name = GRDBCipheriOS;
			targetProxy = 83FC8E8E1D22CF85004E46D2 /* PBXContainerItemProxy */;
		};
/* End PBXTargetDependency section */

/* Begin XCBuildConfiguration section */
		83AA003F1D1DAD9C008DEE91 /* Debug */ = {
			isa = XCBuildConfiguration;
			buildSettings = {
				ALWAYS_SEARCH_USER_PATHS = NO;
				CLANG_ANALYZER_NONNULL = YES;
				CLANG_CXX_LANGUAGE_STANDARD = "gnu++0x";
				CLANG_CXX_LIBRARY = "libc++";
				CLANG_ENABLE_MODULES = YES;
				CLANG_ENABLE_OBJC_ARC = YES;
				CLANG_WARN_BOOL_CONVERSION = YES;
				CLANG_WARN_CONSTANT_CONVERSION = YES;
				CLANG_WARN_DIRECT_OBJC_ISA_USAGE = YES_ERROR;
				CLANG_WARN_EMPTY_BODY = YES;
				CLANG_WARN_ENUM_CONVERSION = YES;
				CLANG_WARN_INT_CONVERSION = YES;
				CLANG_WARN_OBJC_ROOT_CLASS = YES_ERROR;
				CLANG_WARN_UNREACHABLE_CODE = YES;
				CLANG_WARN__DUPLICATE_METHOD_MATCH = YES;
				"CODE_SIGN_IDENTITY[sdk=iphoneos*]" = "iPhone Developer";
				COPY_PHASE_STRIP = NO;
				DEBUG_INFORMATION_FORMAT = dwarf;
				ENABLE_STRICT_OBJC_MSGSEND = YES;
				ENABLE_TESTABILITY = YES;
				GCC_C_LANGUAGE_STANDARD = gnu99;
				GCC_DYNAMIC_NO_PIC = NO;
				GCC_NO_COMMON_BLOCKS = YES;
				GCC_OPTIMIZATION_LEVEL = 0;
				GCC_PREPROCESSOR_DEFINITIONS = (
					"DEBUG=1",
					"$(inherited)",
				);
				GCC_WARN_64_TO_32_BIT_CONVERSION = YES;
				GCC_WARN_ABOUT_RETURN_TYPE = YES_ERROR;
				GCC_WARN_UNDECLARED_SELECTOR = YES;
				GCC_WARN_UNINITIALIZED_AUTOS = YES_AGGRESSIVE;
				GCC_WARN_UNUSED_FUNCTION = YES;
				GCC_WARN_UNUSED_VARIABLE = YES;
				IPHONEOS_DEPLOYMENT_TARGET = 9.3;
				MTL_ENABLE_DEBUG_INFO = YES;
				ONLY_ACTIVE_ARCH = YES;
				SDKROOT = iphoneos;
				SWIFT_OPTIMIZATION_LEVEL = "-Onone";
				TARGETED_DEVICE_FAMILY = "1,2";
			};
			name = Debug;
		};
		83AA00401D1DAD9C008DEE91 /* Release */ = {
			isa = XCBuildConfiguration;
			buildSettings = {
				ALWAYS_SEARCH_USER_PATHS = NO;
				CLANG_ANALYZER_NONNULL = YES;
				CLANG_CXX_LANGUAGE_STANDARD = "gnu++0x";
				CLANG_CXX_LIBRARY = "libc++";
				CLANG_ENABLE_MODULES = YES;
				CLANG_ENABLE_OBJC_ARC = YES;
				CLANG_WARN_BOOL_CONVERSION = YES;
				CLANG_WARN_CONSTANT_CONVERSION = YES;
				CLANG_WARN_DIRECT_OBJC_ISA_USAGE = YES_ERROR;
				CLANG_WARN_EMPTY_BODY = YES;
				CLANG_WARN_ENUM_CONVERSION = YES;
				CLANG_WARN_INT_CONVERSION = YES;
				CLANG_WARN_OBJC_ROOT_CLASS = YES_ERROR;
				CLANG_WARN_UNREACHABLE_CODE = YES;
				CLANG_WARN__DUPLICATE_METHOD_MATCH = YES;
				"CODE_SIGN_IDENTITY[sdk=iphoneos*]" = "iPhone Developer";
				COPY_PHASE_STRIP = NO;
				DEBUG_INFORMATION_FORMAT = "dwarf-with-dsym";
				ENABLE_NS_ASSERTIONS = NO;
				ENABLE_STRICT_OBJC_MSGSEND = YES;
				GCC_C_LANGUAGE_STANDARD = gnu99;
				GCC_NO_COMMON_BLOCKS = YES;
				GCC_WARN_64_TO_32_BIT_CONVERSION = YES;
				GCC_WARN_ABOUT_RETURN_TYPE = YES_ERROR;
				GCC_WARN_UNDECLARED_SELECTOR = YES;
				GCC_WARN_UNINITIALIZED_AUTOS = YES_AGGRESSIVE;
				GCC_WARN_UNUSED_FUNCTION = YES;
				GCC_WARN_UNUSED_VARIABLE = YES;
				IPHONEOS_DEPLOYMENT_TARGET = 9.3;
				MTL_ENABLE_DEBUG_INFO = NO;
				SDKROOT = iphoneos;
				TARGETED_DEVICE_FAMILY = "1,2";
				VALIDATE_PRODUCT = YES;
			};
			name = Release;
		};
		83AA00421D1DAD9C008DEE91 /* Debug */ = {
			isa = XCBuildConfiguration;
			baseConfigurationReference = 0BF69A594BDB707857154672 /* Pods-iOSDemo.debug.xcconfig */;
			buildSettings = {
				ASSETCATALOG_COMPILER_APPICON_NAME = AppIcon;
				EMBEDDED_CONTENT_CONTAINS_SWIFT = "$(inherited)";
				INFOPLIST_FILE = iOSDemo/Info.plist;
				LD_RUNPATH_SEARCH_PATHS = "$(inherited) @executable_path/Frameworks";
				PRODUCT_BUNDLE_IDENTIFIER = io.clickhandler.iOSDemo;
				PRODUCT_NAME = "$(TARGET_NAME)";
			};
			name = Debug;
		};
		83AA00431D1DAD9C008DEE91 /* Release */ = {
			isa = XCBuildConfiguration;
			baseConfigurationReference = C22518F7A34BA19543A7EBED /* Pods-iOSDemo.release.xcconfig */;
			buildSettings = {
				ASSETCATALOG_COMPILER_APPICON_NAME = AppIcon;
				EMBEDDED_CONTENT_CONTAINS_SWIFT = "$(inherited)";
				INFOPLIST_FILE = iOSDemo/Info.plist;
				LD_RUNPATH_SEARCH_PATHS = "$(inherited) @executable_path/Frameworks";
				PRODUCT_BUNDLE_IDENTIFIER = io.clickhandler.iOSDemo;
				PRODUCT_NAME = "$(TARGET_NAME)";
			};
			name = Release;
		};
		83AA00451D1DAD9C008DEE91 /* Debug */ = {
			isa = XCBuildConfiguration;
			buildSettings = {
				BUNDLE_LOADER = "$(TEST_HOST)";
				INFOPLIST_FILE = iOSDemoTests/Info.plist;
				LD_RUNPATH_SEARCH_PATHS = "$(inherited) @executable_path/Frameworks @loader_path/Frameworks";
				PRODUCT_BUNDLE_IDENTIFIER = io.clickhandler.iOSDemoTests;
				PRODUCT_NAME = "$(TARGET_NAME)";
				TEST_HOST = "$(BUILT_PRODUCTS_DIR)/iOSDemo.app/iOSDemo";
			};
			name = Debug;
		};
		83AA00461D1DAD9C008DEE91 /* Release */ = {
			isa = XCBuildConfiguration;
			buildSettings = {
				BUNDLE_LOADER = "$(TEST_HOST)";
				INFOPLIST_FILE = iOSDemoTests/Info.plist;
				LD_RUNPATH_SEARCH_PATHS = "$(inherited) @executable_path/Frameworks @loader_path/Frameworks";
				PRODUCT_BUNDLE_IDENTIFIER = io.clickhandler.iOSDemoTests;
				PRODUCT_NAME = "$(TARGET_NAME)";
				TEST_HOST = "$(BUILT_PRODUCTS_DIR)/iOSDemo.app/iOSDemo";
			};
			name = Release;
		};
		83AA00481D1DAD9C008DEE91 /* Debug */ = {
			isa = XCBuildConfiguration;
			buildSettings = {
				INFOPLIST_FILE = iOSDemoUITests/Info.plist;
				LD_RUNPATH_SEARCH_PATHS = "$(inherited) @executable_path/Frameworks @loader_path/Frameworks";
				PRODUCT_BUNDLE_IDENTIFIER = io.clickhandler.iOSDemoUITests;
				PRODUCT_NAME = "$(TARGET_NAME)";
				TEST_TARGET_NAME = iOSDemo;
			};
			name = Debug;
		};
		83AA00491D1DAD9C008DEE91 /* Release */ = {
			isa = XCBuildConfiguration;
			buildSettings = {
				INFOPLIST_FILE = iOSDemoUITests/Info.plist;
				LD_RUNPATH_SEARCH_PATHS = "$(inherited) @executable_path/Frameworks @loader_path/Frameworks";
				PRODUCT_BUNDLE_IDENTIFIER = io.clickhandler.iOSDemoUITests;
				PRODUCT_NAME = "$(TARGET_NAME)";
				TEST_TARGET_NAME = iOSDemo;
			};
			name = Release;
		};
/* End XCBuildConfiguration section */

/* Begin XCConfigurationList section */
		83AA00141D1DAD9C008DEE91 /* Build configuration list for PBXProject "iOSDemo" */ = {
			isa = XCConfigurationList;
			buildConfigurations = (
				83AA003F1D1DAD9C008DEE91 /* Debug */,
				83AA00401D1DAD9C008DEE91 /* Release */,
			);
			defaultConfigurationIsVisible = 0;
			defaultConfigurationName = Release;
		};
		83AA00411D1DAD9C008DEE91 /* Build configuration list for PBXNativeTarget "iOSDemo" */ = {
			isa = XCConfigurationList;
			buildConfigurations = (
				83AA00421D1DAD9C008DEE91 /* Debug */,
				83AA00431D1DAD9C008DEE91 /* Release */,
			);
			defaultConfigurationIsVisible = 0;
			defaultConfigurationName = Release;
		};
		83AA00441D1DAD9C008DEE91 /* Build configuration list for PBXNativeTarget "iOSDemoTests" */ = {
			isa = XCConfigurationList;
			buildConfigurations = (
				83AA00451D1DAD9C008DEE91 /* Debug */,
				83AA00461D1DAD9C008DEE91 /* Release */,
			);
			defaultConfigurationIsVisible = 0;
			defaultConfigurationName = Release;
		};
		83AA00471D1DAD9C008DEE91 /* Build configuration list for PBXNativeTarget "iOSDemoUITests" */ = {
			isa = XCConfigurationList;
			buildConfigurations = (
				83AA00481D1DAD9C008DEE91 /* Debug */,
				83AA00491D1DAD9C008DEE91 /* Release */,
			);
			defaultConfigurationIsVisible = 0;
			defaultConfigurationName = Release;
		};
/* End XCConfigurationList section */
	};
	rootObject = 83AA00111D1DAD9C008DEE91 /* Project object */;
}
